
Microsoft Visual Studio Solution File, Format Version 12.00
# Visual Studio 15
VisualStudioVersion = 15.0.28307.329
MinimumVisualStudioVersion = 10.0.40219.1
Project("{FAE04EC0-301F-11D3-BF4B-00C04F79EFBC}") = "Mango.Network.Server", "Mango.Network.Server\Mango.Network.Server.csproj", "{CAF1FDCA-A239-4671-B79F-D685118A1D26}"
EndProject
Project("{FAE04EC0-301F-11D3-BF4B-00C04F79EFBC}") = "Mango.Network.Core", "Mango.Network.Core\Mango.Network.Core.csproj", "{2CB47075-308B-4CD3-BF30-701D1D405093}"
EndProject
Global
	GlobalSection(SolutionConfigurationPlatforms) = preSolution
		Debug|Any CPU = Debug|Any CPU
		Release|Any CPU = Release|Any CPU
	EndGlobalSection
	GlobalSection(ProjectConfigurationPlatforms) = postSolution
		{CAF1FDCA-A239-4671-B79F-D685118A1D26}.Debug|Any CPU.ActiveCfg = Debug|Any CPU
		{CAF1FDCA-A239-4671-B79F-D685118A1D26}.Debug|Any CPU.Build.0 = Debug|Any CPU
		{CAF1FDCA-A239-4671-B79F-D685118A1D26}.Release|Any CPU.ActiveCfg = Release|Any CPU
		{CAF1FDCA-A239-4671-B79F-D685118A1D26}.Release|Any CPU.Build.0 = Release|Any CPU
		{2CB47075-308B-4CD3-BF30-701D1D405093}.Debug|Any CPU.ActiveCfg = Debug|Any CPU
		{2CB47075-308B-4CD3-BF30-701D1D405093}.Debug|Any CPU.Build.0 = Debug|Any CPU
		{2CB47075-308B-4CD3-BF30-701D1D405093}.Release|Any CPU.ActiveCfg = Release|Any CPU
		{2CB47075-308B-4CD3-BF30-701D1D405093}.Release|Any CPU.Build.0 = Release|Any CPU
	EndGlobalSection
	GlobalSection(SolutionProperties) = preSolution
		HideSolutionNode = FALSE
	EndGlobalSection
	GlobalSection(ExtensibilityGlobals) = postSolution
		SolutionGuid = {A8CF5AED-BC7D-4CA2-B74F-DD6DD793F1D8}
	EndGlobalSection
EndGlobal
